// !$*UTF8*$!
{
	archiveVersion = 1;
	classes = {
	};
	objectVersion = 46;
	objects = {

/* Begin PBXBuildFile section */
		77184EB81AAC544000F2B40D /* lang in Resources */ = {isa = PBXBuildFile; fileRef = 77184EB71AAC544000F2B40D /* lang */; };
		77184EBB1AAC546100F2B40D /* stead in Resources */ = {isa = PBXBuildFile; fileRef = 77184EB91AAC546100F2B40D /* stead */; };
		77184EBC1AAC546100F2B40D /* themes in Resources */ = {isa = PBXBuildFile; fileRef = 77184EBA1AAC546100F2B40D /* themes */; };
		771850001AAC9F5700F2B40D /* cache.c in Sources */ = {isa = PBXBuildFile; fileRef = 77184FFE1AAC9F5700F2B40D /* cache.c */; };
		7718500F1AAC9F9300F2B40D /* config.c in Sources */ = {isa = PBXBuildFile; fileRef = 771850061AAC9F9300F2B40D /* config.c */; };
		771850101AAC9F9300F2B40D /* game.c in Sources */ = {isa = PBXBuildFile; fileRef = 771850091AAC9F9300F2B40D /* game.c */; };
		771850111AAC9F9300F2B40D /* graphics.c in Sources */ = {isa = PBXBuildFile; fileRef = 7718500B1AAC9F9300F2B40D /* graphics.c */; };
		771850121AAC9F9300F2B40D /* idf.c in Sources */ = {isa = PBXBuildFile; fileRef = 7718500D1AAC9F9300F2B40D /* idf.c */; };
		7718501A1AAC9FB200F2B40D /* input.c in Sources */ = {isa = PBXBuildFile; fileRef = 771850131AAC9FB200F2B40D /* input.c */; };
		7718501B1AAC9FB200F2B40D /* instead.c in Sources */ = {isa = PBXBuildFile; fileRef = 771850151AAC9FB200F2B40D /* instead.c */; };
		7718501C1AAC9FB200F2B40D /* ioapi.c in Sources */ = {isa = PBXBuildFile; fileRef = 771850181AAC9FB200F2B40D /* ioapi.c */; };
		771850291AACA0B600F2B40D /* lfs.c in Sources */ = {isa = PBXBuildFile; fileRef = 771850231AACA0B600F2B40D /* lfs.c */; };
		7718502A1AACA0B600F2B40D /* list.c in Sources */ = {isa = PBXBuildFile; fileRef = 771850241AACA0B600F2B40D /* list.c */; };
		7718502C1AACA0B600F2B40D /* menu.c in Sources */ = {isa = PBXBuildFile; fileRef = 771850271AACA0B600F2B40D /* menu.c */; };
		771850321AACA0D900F2B40D /* SDL_anigif.c in Sources */ = {isa = PBXBuildFile; fileRef = 7718502D1AACA0D900F2B40D /* SDL_anigif.c */; };
		771850331AACA0D900F2B40D /* SDL_gfxBlitFunc.c in Sources */ = {isa = PBXBuildFile; fileRef = 7718502F1AACA0D900F2B40D /* SDL_gfxBlitFunc.c */; };
		771850361AACA0F000F2B40D /* SDL2_rotozoom.c in Sources */ = {isa = PBXBuildFile; fileRef = 771850341AACA0F000F2B40D /* SDL2_rotozoom.c */; };
		771850411AACA11A00F2B40D /* sound.c in Sources */ = {isa = PBXBuildFile; fileRef = 771850371AACA11A00F2B40D /* sound.c */; };
		771850431AACA11A00F2B40D /* tinymt32.c in Sources */ = {isa = PBXBuildFile; fileRef = 7718503B1AACA11A00F2B40D /* tinymt32.c */; };
		771850441AACA11A00F2B40D /* unpack.c in Sources */ = {isa = PBXBuildFile; fileRef = 7718503D1AACA11A00F2B40D /* unpack.c */; };
		771850451AACA11A00F2B40D /* unzip.c in Sources */ = {isa = PBXBuildFile; fileRef = 7718503E1AACA11A00F2B40D /* unzip.c */; };
		771850461AACA11A00F2B40D /* util.c in Sources */ = {isa = PBXBuildFile; fileRef = 7718503F1AACA11A00F2B40D /* util.c */; };
		776BB7AA1AA3480B009889BF /* Media.xcassets in Resources */ = {isa = PBXBuildFile; fileRef = 776BB7A91AA3480B009889BF /* Media.xcassets */; };
		779038051AACB25800F76885 /* ios.m in Sources */ = {isa = PBXBuildFile; fileRef = 779038041AACB25800F76885 /* ios.m */; };
		779038071AACB26000F76885 /* main.c in Sources */ = {isa = PBXBuildFile; fileRef = 779038061AACB26000F76885 /* main.c */; };
		779038091AACB26800F76885 /* themes.c in Sources */ = {isa = PBXBuildFile; fileRef = 779038081AACB26800F76885 /* themes.c */; };
		D017090A1A33252B00AC619F /* libz.dylib in Frameworks */ = {isa = PBXBuildFile; fileRef = D01709091A33252B00AC619F /* libz.dylib */; };
		D03F95141A330C2A0054CC00 /* UIKit.framework in Frameworks */ = {isa = PBXBuildFile; fileRef = D03F95131A330C2A0054CC00 /* UIKit.framework */; };
		D03F95161A330C2A0054CC00 /* Foundation.framework in Frameworks */ = {isa = PBXBuildFile; fileRef = D03F95151A330C2A0054CC00 /* Foundation.framework */; };
		D03F95181A330C2A0054CC00 /* CoreGraphics.framework in Frameworks */ = {isa = PBXBuildFile; fileRef = D03F95171A330C2A0054CC00 /* CoreGraphics.framework */; };
		D03F951A1A330C2A0054CC00 /* OpenGLES.framework in Frameworks */ = {isa = PBXBuildFile; fileRef = D03F95191A330C2A0054CC00 /* OpenGLES.framework */; };
		D03F951C1A330C2A0054CC00 /* QuartzCore.framework in Frameworks */ = {isa = PBXBuildFile; fileRef = D03F951B1A330C2A0054CC00 /* QuartzCore.framework */; };
		D03F951E1A330C2A0054CC00 /* CoreAudio.framework in Frameworks */ = {isa = PBXBuildFile; fileRef = D03F951D1A330C2A0054CC00 /* CoreAudio.framework */; };
		D03F95201A330C2A0054CC00 /* AudioToolbox.framework in Frameworks */ = {isa = PBXBuildFile; fileRef = D03F951F1A330C2A0054CC00 /* AudioToolbox.framework */; };
		D03F963F1A330E8F0054CC00 /* ldo.c in Sources */ = {isa = PBXBuildFile; fileRef = D03F96071A330E8F0054CC00 /* ldo.c */; };
		D03F96401A330E8F0054CC00 /* lparser.c in Sources */ = {isa = PBXBuildFile; fileRef = D03F96091A330E8F0054CC00 /* lparser.c */; };
		D03F96411A330E8F0054CC00 /* lvm.c in Sources */ = {isa = PBXBuildFile; fileRef = D03F960A1A330E8F0054CC00 /* lvm.c */; };
		D03F96421A330E8F0054CC00 /* lgc.c in Sources */ = {isa = PBXBuildFile; fileRef = D03F960B1A330E8F0054CC00 /* lgc.c */; };
		D03F96431A330E8F0054CC00 /* lcode.c in Sources */ = {isa = PBXBuildFile; fileRef = D03F960C1A330E8F0054CC00 /* lcode.c */; };
		D03F96441A330E8F0054CC00 /* lstrlib.c in Sources */ = {isa = PBXBuildFile; fileRef = D03F960D1A330E8F0054CC00 /* lstrlib.c */; };
		D03F96451A330E8F0054CC00 /* liolib.c in Sources */ = {isa = PBXBuildFile; fileRef = D03F960E1A330E8F0054CC00 /* liolib.c */; };
		D03F96461A330E8F0054CC00 /* llex.c in Sources */ = {isa = PBXBuildFile; fileRef = D03F960F1A330E8F0054CC00 /* llex.c */; };
		D03F96471A330E8F0054CC00 /* loadlib.c in Sources */ = {isa = PBXBuildFile; fileRef = D03F96101A330E8F0054CC00 /* loadlib.c */; };
		D03F96481A330E8F0054CC00 /* ldblib.c in Sources */ = {isa = PBXBuildFile; fileRef = D03F96111A330E8F0054CC00 /* ldblib.c */; };
		D03F96491A330E8F0054CC00 /* lapi.c in Sources */ = {isa = PBXBuildFile; fileRef = D03F96131A330E8F0054CC00 /* lapi.c */; };
		D03F964A1A330E8F0054CC00 /* ldebug.c in Sources */ = {isa = PBXBuildFile; fileRef = D03F96141A330E8F0054CC00 /* ldebug.c */; };
		D03F964B1A330E8F0054CC00 /* lundump.c in Sources */ = {isa = PBXBuildFile; fileRef = D03F96151A330E8F0054CC00 /* lundump.c */; };
		D03F964C1A330E8F0054CC00 /* ltablib.c in Sources */ = {isa = PBXBuildFile; fileRef = D03F96161A330E8F0054CC00 /* ltablib.c */; };
		D03F964D1A330E8F0054CC00 /* lbaselib.c in Sources */ = {isa = PBXBuildFile; fileRef = D03F96171A330E8F0054CC00 /* lbaselib.c */; };
		D03F964E1A330E8F0054CC00 /* lauxlib.c in Sources */ = {isa = PBXBuildFile; fileRef = D03F96191A330E8F0054CC00 /* lauxlib.c */; };
		D03F964F1A330E8F0054CC00 /* loslib.c in Sources */ = {isa = PBXBuildFile; fileRef = D03F961A1A330E8F0054CC00 /* loslib.c */; };
		D03F96501A330E8F0054CC00 /* lstate.c in Sources */ = {isa = PBXBuildFile; fileRef = D03F961B1A330E8F0054CC00 /* lstate.c */; };
		D03F96511A330E8F0054CC00 /* ltable.c in Sources */ = {isa = PBXBuildFile; fileRef = D03F961D1A330E8F0054CC00 /* ltable.c */; };
		D03F96531A330E8F0054CC00 /* lfunc.c in Sources */ = {isa = PBXBuildFile; fileRef = D03F961F1A330E8F0054CC00 /* lfunc.c */; };
		D03F96541A330E8F0054CC00 /* ldump.c in Sources */ = {isa = PBXBuildFile; fileRef = D03F96251A330E8F0054CC00 /* ldump.c */; };
		D03F96551A330E8F0054CC00 /* linit.c in Sources */ = {isa = PBXBuildFile; fileRef = D03F96281A330E8F0054CC00 /* linit.c */; };
		D03F96561A330E8F0054CC00 /* lmathlib.c in Sources */ = {isa = PBXBuildFile; fileRef = D03F962B1A330E8F0054CC00 /* lmathlib.c */; };
		D03F96571A330E8F0054CC00 /* lmem.c in Sources */ = {isa = PBXBuildFile; fileRef = D03F962C1A330E8F0054CC00 /* lmem.c */; };
		D03F96581A330E8F0054CC00 /* lobject.c in Sources */ = {isa = PBXBuildFile; fileRef = D03F962E1A330E8F0054CC00 /* lobject.c */; };
		D03F96591A330E8F0054CC00 /* lopcodes.c in Sources */ = {isa = PBXBuildFile; fileRef = D03F962F1A330E8F0054CC00 /* lopcodes.c */; };
		D03F965A1A330E8F0054CC00 /* lstring.c in Sources */ = {isa = PBXBuildFile; fileRef = D03F96321A330E8F0054CC00 /* lstring.c */; };
		D03F965B1A330E8F0054CC00 /* ltm.c in Sources */ = {isa = PBXBuildFile; fileRef = D03F96351A330E8F0054CC00 /* ltm.c */; };
		D03F965C1A330E8F0054CC00 /* lzio.c in Sources */ = {isa = PBXBuildFile; fileRef = D03F963A1A330E8F0054CC00 /* lzio.c */; };
		D03F965D1A330E8F0054CC00 /* print.c in Sources */ = {isa = PBXBuildFile; fileRef = D03F963C1A330E8F0054CC00 /* print.c */; };
		D03F96731A3311BC0054CC00 /* MobileCoreServices.framework in Frameworks */ = {isa = PBXBuildFile; fileRef = D03F96721A3311BC0054CC00 /* MobileCoreServices.framework */; };
		D03F967A1A3311C90054CC00 /* ImageIO.framework in Frameworks */ = {isa = PBXBuildFile; fileRef = D03F96791A3311C90054CC00 /* ImageIO.framework */; };
		D03F967C1A3311DD0054CC00 /* libc++.dylib in Frameworks */ = {isa = PBXBuildFile; fileRef = D03F967B1A3311DD0054CC00 /* libc++.dylib */; };
		D03F967E1A3311E70054CC00 /* libiconv.dylib in Frameworks */ = {isa = PBXBuildFile; fileRef = D03F967D1A3311E70054CC00 /* libiconv.dylib */; };
		D03F967F1A3311FA0054CC00 /* libSDL2_image.a in Frameworks */ = {isa = PBXBuildFile; fileRef = D03F959D1A330DC60054CC00 /* libSDL2_image.a */; };
		D03F96801A3311FA0054CC00 /* libSDL2_mixer.a in Frameworks */ = {isa = PBXBuildFile; fileRef = D03F95A31A330DDB0054CC00 /* libSDL2_mixer.a */; };
		D03F96811A3311FA0054CC00 /* libSDL2_ttf.a in Frameworks */ = {isa = PBXBuildFile; fileRef = D03F95A91A330DEC0054CC00 /* libSDL2_ttf.a */; };
		D03F96821A3311FA0054CC00 /* libSDL2.a in Frameworks */ = {isa = PBXBuildFile; fileRef = D03F95971A330DB20054CC00 /* libSDL2.a */; };
/* End PBXBuildFile section */

/* Begin PBXContainerItemProxy section */
		D03F95961A330DB20054CC00 /* PBXContainerItemProxy */ = {
			isa = PBXContainerItemProxy;
			containerPortal = D03F95911A330DB20054CC00 /* SDL.xcodeproj */;
			proxyType = 2;
			remoteGlobalIDString = FD6526630DE8FCCB002AD96B;
			remoteInfo = libSDL;
		};
		D03F959C1A330DC60054CC00 /* PBXContainerItemProxy */ = {
			isa = PBXContainerItemProxy;
			containerPortal = D03F95981A330DC60054CC00 /* SDL_image.xcodeproj */;
			proxyType = 2;
			remoteGlobalIDString = BE1FA74107AF4C45004B6283;
			remoteInfo = libSDL_image;
		};
		D03F95A21A330DDB0054CC00 /* PBXContainerItemProxy */ = {
			isa = PBXContainerItemProxy;
			containerPortal = D03F959E1A330DDB0054CC00 /* SDL_mixer.xcodeproj */;
			proxyType = 2;
			remoteGlobalIDString = BE1FA95407AF96B2004B6283;
			remoteInfo = "Static Library";
		};
		D03F95A81A330DEC0054CC00 /* PBXContainerItemProxy */ = {
			isa = PBXContainerItemProxy;
			containerPortal = D03F95A41A330DEC0054CC00 /* SDL_ttf.xcodeproj */;
			proxyType = 2;
			remoteGlobalIDString = BE48FD6E07AFA17000BB41DA;
			remoteInfo = "Static Library";
		};
/* End PBXContainerItemProxy section */

/* Begin PBXFileReference section */
		77184EB71AAC544000F2B40D /* lang */ = {isa = PBXFileReference; lastKnownFileType = folder; name = lang; path = dep/instead/lang; sourceTree = SOURCE_ROOT; };
		77184EB91AAC546100F2B40D /* stead */ = {isa = PBXFileReference; lastKnownFileType = folder; name = stead; path = dep/instead/stead; sourceTree = "<group>"; };
		77184EBA1AAC546100F2B40D /* themes */ = {isa = PBXFileReference; lastKnownFileType = folder; name = themes; path = dep/instead/themes; sourceTree = "<group>"; };
		77184FFE1AAC9F5700F2B40D /* cache.c */ = {isa = PBXFileReference; fileEncoding = 4; lastKnownFileType = sourcecode.c.c; name = cache.c; path = "dep/instead/src/sdl-instead/cache.c"; sourceTree = SOURCE_ROOT; };
		77184FFF1AAC9F5700F2B40D /* cache.h */ = {isa = PBXFileReference; fileEncoding = 4; lastKnownFileType = sourcecode.c.h; name = cache.h; path = "dep/instead/src/sdl-instead/cache.h"; sourceTree = SOURCE_ROOT; };
		771850061AAC9F9300F2B40D /* config.c */ = {isa = PBXFileReference; fileEncoding = 4; lastKnownFileType = sourcecode.c.c; name = config.c; path = "dep/instead/src/sdl-instead/config.c"; sourceTree = SOURCE_ROOT; };
		771850071AAC9F9300F2B40D /* config.h */ = {isa = PBXFileReference; fileEncoding = 4; lastKnownFileType = sourcecode.c.h; name = config.h; path = "dep/instead/src/sdl-instead/config.h"; sourceTree = SOURCE_ROOT; };
		771850081AAC9F9300F2B40D /* externals.h */ = {isa = PBXFileReference; fileEncoding = 4; lastKnownFileType = sourcecode.c.h; name = externals.h; path = "dep/instead/src/sdl-instead/externals.h"; sourceTree = SOURCE_ROOT; };
		771850091AAC9F9300F2B40D /* game.c */ = {isa = PBXFileReference; fileEncoding = 4; lastKnownFileType = sourcecode.c.c; name = game.c; path = "dep/instead/src/sdl-instead/game.c"; sourceTree = SOURCE_ROOT; };
		7718500A1AAC9F9300F2B40D /* game.h */ = {isa = PBXFileReference; fileEncoding = 4; lastKnownFileType = sourcecode.c.h; name = game.h; path = "dep/instead/src/sdl-instead/game.h"; sourceTree = SOURCE_ROOT; };
		7718500B1AAC9F9300F2B40D /* graphics.c */ = {isa = PBXFileReference; fileEncoding = 4; lastKnownFileType = sourcecode.c.c; name = graphics.c; path = "dep/instead/src/sdl-instead/graphics.c"; sourceTree = SOURCE_ROOT; };
		7718500C1AAC9F9300F2B40D /* graphics.h */ = {isa = PBXFileReference; fileEncoding = 4; lastKnownFileType = sourcecode.c.h; name = graphics.h; path = "dep/instead/src/sdl-instead/graphics.h"; sourceTree = SOURCE_ROOT; };
		7718500D1AAC9F9300F2B40D /* idf.c */ = {isa = PBXFileReference; fileEncoding = 4; lastKnownFileType = sourcecode.c.c; name = idf.c; path = "dep/instead/src/sdl-instead/idf.c"; sourceTree = SOURCE_ROOT; };
		7718500E1AAC9F9300F2B40D /* idf.h */ = {isa = PBXFileReference; fileEncoding = 4; lastKnownFileType = sourcecode.c.h; name = idf.h; path = "dep/instead/src/sdl-instead/idf.h"; sourceTree = SOURCE_ROOT; };
		771850131AAC9FB200F2B40D /* input.c */ = {isa = PBXFileReference; fileEncoding = 4; lastKnownFileType = sourcecode.c.c; name = input.c; path = "dep/instead/src/sdl-instead/input.c"; sourceTree = SOURCE_ROOT; };
		771850141AAC9FB200F2B40D /* input.h */ = {isa = PBXFileReference; fileEncoding = 4; lastKnownFileType = sourcecode.c.h; name = input.h; path = "dep/instead/src/sdl-instead/input.h"; sourceTree = SOURCE_ROOT; };
		771850151AAC9FB200F2B40D /* instead.c */ = {isa = PBXFileReference; fileEncoding = 4; lastKnownFileType = sourcecode.c.c; name = instead.c; path = "dep/instead/src/sdl-instead/instead.c"; sourceTree = SOURCE_ROOT; };
		771850161AAC9FB200F2B40D /* instead.h */ = {isa = PBXFileReference; fileEncoding = 4; lastKnownFileType = sourcecode.c.h; name = instead.h; path = "dep/instead/src/sdl-instead/instead.h"; sourceTree = SOURCE_ROOT; };
		771850171AAC9FB200F2B40D /* internals.h */ = {isa = PBXFileReference; fileEncoding = 4; lastKnownFileType = sourcecode.c.h; name = internals.h; path = "dep/instead/src/sdl-instead/internals.h"; sourceTree = SOURCE_ROOT; };
		771850181AAC9FB200F2B40D /* ioapi.c */ = {isa = PBXFileReference; fileEncoding = 4; lastKnownFileType = sourcecode.c.c; name = ioapi.c; path = "dep/instead/src/sdl-instead/ioapi.c"; sourceTree = SOURCE_ROOT; };
		771850191AAC9FB200F2B40D /* ioapi.h */ = {isa = PBXFileReference; fileEncoding = 4; lastKnownFileType = sourcecode.c.h; name = ioapi.h; path = "dep/instead/src/sdl-instead/ioapi.h"; sourceTree = SOURCE_ROOT; };
		771850231AACA0B600F2B40D /* lfs.c */ = {isa = PBXFileReference; fileEncoding = 4; lastKnownFileType = sourcecode.c.c; name = lfs.c; path = "dep/instead/src/sdl-instead/lfs.c"; sourceTree = SOURCE_ROOT; };
		771850241AACA0B600F2B40D /* list.c */ = {isa = PBXFileReference; fileEncoding = 4; lastKnownFileType = sourcecode.c.c; name = list.c; path = "dep/instead/src/sdl-instead/list.c"; sourceTree = SOURCE_ROOT; };
		771850251AACA0B600F2B40D /* list.h */ = {isa = PBXFileReference; fileEncoding = 4; lastKnownFileType = sourcecode.c.h; name = list.h; path = "dep/instead/src/sdl-instead/list.h"; sourceTree = SOURCE_ROOT; };
		771850271AACA0B600F2B40D /* menu.c */ = {isa = PBXFileReference; fileEncoding = 4; lastKnownFileType = sourcecode.c.c; name = menu.c; path = "dep/instead/src/sdl-instead/menu.c"; sourceTree = SOURCE_ROOT; };
		771850281AACA0B600F2B40D /* menu.h */ = {isa = PBXFileReference; fileEncoding = 4; lastKnownFileType = sourcecode.c.h; name = menu.h; path = "dep/instead/src/sdl-instead/menu.h"; sourceTree = SOURCE_ROOT; };
		7718502D1AACA0D900F2B40D /* SDL_anigif.c */ = {isa = PBXFileReference; fileEncoding = 4; lastKnownFileType = sourcecode.c.c; name = SDL_anigif.c; path = "dep/instead/src/sdl-instead/SDL_anigif.c"; sourceTree = SOURCE_ROOT; };
		7718502E1AACA0D900F2B40D /* SDL_anigif.h */ = {isa = PBXFileReference; fileEncoding = 4; lastKnownFileType = sourcecode.c.h; name = SDL_anigif.h; path = "dep/instead/src/sdl-instead/SDL_anigif.h"; sourceTree = SOURCE_ROOT; };
		7718502F1AACA0D900F2B40D /* SDL_gfxBlitFunc.c */ = {isa = PBXFileReference; fileEncoding = 4; lastKnownFileType = sourcecode.c.c; name = SDL_gfxBlitFunc.c; path = "dep/instead/src/sdl-instead/SDL_gfxBlitFunc.c"; sourceTree = SOURCE_ROOT; };
		771850301AACA0D900F2B40D /* SDL_gfxBlitFunc.h */ = {isa = PBXFileReference; fileEncoding = 4; lastKnownFileType = sourcecode.c.h; name = SDL_gfxBlitFunc.h; path = "dep/instead/src/sdl-instead/SDL_gfxBlitFunc.h"; sourceTree = SOURCE_ROOT; };
		771850311AACA0D900F2B40D /* sdl_idf.h */ = {isa = PBXFileReference; fileEncoding = 4; lastKnownFileType = sourcecode.c.h; name = sdl_idf.h; path = "dep/instead/src/sdl-instead/sdl_idf.h"; sourceTree = SOURCE_ROOT; };
		771850341AACA0F000F2B40D /* SDL2_rotozoom.c */ = {isa = PBXFileReference; fileEncoding = 4; lastKnownFileType = sourcecode.c.c; name = SDL2_rotozoom.c; path = "dep/instead/src/sdl-instead/SDL2_rotozoom.c"; sourceTree = SOURCE_ROOT; };
		771850351AACA0F000F2B40D /* SDL2_rotozoom.h */ = {isa = PBXFileReference; fileEncoding = 4; lastKnownFileType = sourcecode.c.h; name = SDL2_rotozoom.h; path = "dep/instead/src/sdl-instead/SDL2_rotozoom.h"; sourceTree = SOURCE_ROOT; };
		771850371AACA11A00F2B40D /* sound.c */ = {isa = PBXFileReference; fileEncoding = 4; lastKnownFileType = sourcecode.c.c; name = sound.c; path = "dep/instead/src/sdl-instead/sound.c"; sourceTree = SOURCE_ROOT; };
		771850381AACA11A00F2B40D /* sound.h */ = {isa = PBXFileReference; fileEncoding = 4; lastKnownFileType = sourcecode.c.h; name = sound.h; path = "dep/instead/src/sdl-instead/sound.h"; sourceTree = SOURCE_ROOT; };
		7718503A1AACA11A00F2B40D /* themes.h */ = {isa = PBXFileReference; fileEncoding = 4; lastKnownFileType = sourcecode.c.h; name = themes.h; path = "dep/instead/src/sdl-instead/themes.h"; sourceTree = SOURCE_ROOT; };
		7718503B1AACA11A00F2B40D /* tinymt32.c */ = {isa = PBXFileReference; fileEncoding = 4; lastKnownFileType = sourcecode.c.c; name = tinymt32.c; path = "dep/instead/src/sdl-instead/tinymt32.c"; sourceTree = SOURCE_ROOT; };
		7718503C1AACA11A00F2B40D /* tinymt32.h */ = {isa = PBXFileReference; fileEncoding = 4; lastKnownFileType = sourcecode.c.h; name = tinymt32.h; path = "dep/instead/src/sdl-instead/tinymt32.h"; sourceTree = SOURCE_ROOT; };
		7718503D1AACA11A00F2B40D /* unpack.c */ = {isa = PBXFileReference; fileEncoding = 4; lastKnownFileType = sourcecode.c.c; name = unpack.c; path = "dep/instead/src/sdl-instead/unpack.c"; sourceTree = SOURCE_ROOT; };
		7718503E1AACA11A00F2B40D /* unzip.c */ = {isa = PBXFileReference; fileEncoding = 4; lastKnownFileType = sourcecode.c.c; name = unzip.c; path = "dep/instead/src/sdl-instead/unzip.c"; sourceTree = SOURCE_ROOT; };
		7718503F1AACA11A00F2B40D /* util.c */ = {isa = PBXFileReference; fileEncoding = 4; lastKnownFileType = sourcecode.c.c; name = util.c; path = "dep/instead/src/sdl-instead/util.c"; sourceTree = SOURCE_ROOT; };
		771850401AACA11A00F2B40D /* util.h */ = {isa = PBXFileReference; fileEncoding = 4; lastKnownFileType = sourcecode.c.h; name = util.h; path = "dep/instead/src/sdl-instead/util.h"; sourceTree = SOURCE_ROOT; };
		776BB7A91AA3480B009889BF /* Media.xcassets */ = {isa = PBXFileReference; lastKnownFileType = folder.assetcatalog; path = Media.xcassets; sourceTree = "<group>"; };
		776BB7C01AA372A9009889BF /* README.md */ = {isa = PBXFileReference; fileEncoding = 4; lastKnownFileType = net.daringfireball.markdown; name = README.md; path = ../README.md; sourceTree = "<group>"; };
		779038031AACB25800F76885 /* ios.h */ = {isa = PBXFileReference; fileEncoding = 4; lastKnownFileType = sourcecode.c.h; name = ios.h; path = "dep/instead-changed/src/sdl-instead/ios.h"; sourceTree = SOURCE_ROOT; };
		779038041AACB25800F76885 /* ios.m */ = {isa = PBXFileReference; fileEncoding = 4; lastKnownFileType = sourcecode.c.objc; name = ios.m; path = "dep/instead-changed/src/sdl-instead/ios.m"; sourceTree = SOURCE_ROOT; };
		779038061AACB26000F76885 /* main.c */ = {isa = PBXFileReference; fileEncoding = 4; lastKnownFileType = sourcecode.c.c; name = main.c; path = "dep/instead-changed/src/sdl-instead/main.c"; sourceTree = SOURCE_ROOT; };
		779038081AACB26800F76885 /* themes.c */ = {isa = PBXFileReference; fileEncoding = 4; lastKnownFileType = sourcecode.c.c; name = themes.c; path = "dep/instead-changed/src/sdl-instead/themes.c"; sourceTree = SOURCE_ROOT; };
		D01709091A33252B00AC619F /* libz.dylib */ = {isa = PBXFileReference; lastKnownFileType = "compiled.mach-o.dylib"; name = libz.dylib; path = usr/lib/libz.dylib; sourceTree = SDKROOT; };
		D03F95101A330C2A0054CC00 /* INSTEAD.app */ = {isa = PBXFileReference; explicitFileType = wrapper.application; includeInIndex = 0; path = INSTEAD.app; sourceTree = BUILT_PRODUCTS_DIR; };
		D03F95131A330C2A0054CC00 /* UIKit.framework */ = {isa = PBXFileReference; lastKnownFileType = wrapper.framework; name = UIKit.framework; path = System/Library/Frameworks/UIKit.framework; sourceTree = SDKROOT; };
		D03F95151A330C2A0054CC00 /* Foundation.framework */ = {isa = PBXFileReference; lastKnownFileType = wrapper.framework; name = Foundation.framework; path = System/Library/Frameworks/Foundation.framework; sourceTree = SDKROOT; };
		D03F95171A330C2A0054CC00 /* CoreGraphics.framework */ = {isa = PBXFileReference; lastKnownFileType = wrapper.framework; name = CoreGraphics.framework; path = System/Library/Frameworks/CoreGraphics.framework; sourceTree = SDKROOT; };
		D03F95191A330C2A0054CC00 /* OpenGLES.framework */ = {isa = PBXFileReference; lastKnownFileType = wrapper.framework; name = OpenGLES.framework; path = System/Library/Frameworks/OpenGLES.framework; sourceTree = SDKROOT; };
		D03F951B1A330C2A0054CC00 /* QuartzCore.framework */ = {isa = PBXFileReference; lastKnownFileType = wrapper.framework; name = QuartzCore.framework; path = System/Library/Frameworks/QuartzCore.framework; sourceTree = SDKROOT; };
		D03F951D1A330C2A0054CC00 /* CoreAudio.framework */ = {isa = PBXFileReference; lastKnownFileType = wrapper.framework; name = CoreAudio.framework; path = System/Library/Frameworks/CoreAudio.framework; sourceTree = SDKROOT; };
		D03F951F1A330C2A0054CC00 /* AudioToolbox.framework */ = {isa = PBXFileReference; lastKnownFileType = wrapper.framework; name = AudioToolbox.framework; path = System/Library/Frameworks/AudioToolbox.framework; sourceTree = SDKROOT; };
		D03F95911A330DB20054CC00 /* SDL.xcodeproj */ = {isa = PBXFileReference; lastKnownFileType = "wrapper.pb-project"; name = SDL.xcodeproj; path = "../SDL2-2.0.3/Xcode-iOS/SDL/SDL.xcodeproj"; sourceTree = "<group>"; };
		D03F95981A330DC60054CC00 /* SDL_image.xcodeproj */ = {isa = PBXFileReference; lastKnownFileType = "wrapper.pb-project"; name = SDL_image.xcodeproj; path = "../SDL2_image-2.0.0/Xcode-iOS/SDL_image.xcodeproj"; sourceTree = "<group>"; };
		D03F959E1A330DDB0054CC00 /* SDL_mixer.xcodeproj */ = {isa = PBXFileReference; lastKnownFileType = "wrapper.pb-project"; name = SDL_mixer.xcodeproj; path = "../SDL2_mixer-2.0.0/Xcode-iOS/SDL_mixer.xcodeproj"; sourceTree = "<group>"; };
		D03F95A41A330DEC0054CC00 /* SDL_ttf.xcodeproj */ = {isa = PBXFileReference; lastKnownFileType = "wrapper.pb-project"; name = SDL_ttf.xcodeproj; path = "../SDL2_ttf-2.0.12/Xcode-iOS/SDL_ttf.xcodeproj"; sourceTree = "<group>"; };
		D03F96071A330E8F0054CC00 /* ldo.c */ = {isa = PBXFileReference; fileEncoding = 4; lastKnownFileType = sourcecode.c.c; name = ldo.c; path = "../lua-5.1.5/lua/ldo.c"; sourceTree = "<group>"; };
		D03F96081A330E8F0054CC00 /* lua.h */ = {isa = PBXFileReference; fileEncoding = 4; lastKnownFileType = sourcecode.c.h; name = lua.h; path = "../lua-5.1.5/lua/lua.h"; sourceTree = "<group>"; };
		D03F96091A330E8F0054CC00 /* lparser.c */ = {isa = PBXFileReference; fileEncoding = 4; lastKnownFileType = sourcecode.c.c; name = lparser.c; path = "../lua-5.1.5/lua/lparser.c"; sourceTree = "<group>"; };
		D03F960A1A330E8F0054CC00 /* lvm.c */ = {isa = PBXFileReference; fileEncoding = 4; lastKnownFileType = sourcecode.c.c; name = lvm.c; path = "../lua-5.1.5/lua/lvm.c"; sourceTree = "<group>"; };
		D03F960B1A330E8F0054CC00 /* lgc.c */ = {isa = PBXFileReference; fileEncoding = 4; lastKnownFileType = sourcecode.c.c; name = lgc.c; path = "../lua-5.1.5/lua/lgc.c"; sourceTree = "<group>"; };
		D03F960C1A330E8F0054CC00 /* lcode.c */ = {isa = PBXFileReference; fileEncoding = 4; lastKnownFileType = sourcecode.c.c; name = lcode.c; path = "../lua-5.1.5/lua/lcode.c"; sourceTree = "<group>"; };
		D03F960D1A330E8F0054CC00 /* lstrlib.c */ = {isa = PBXFileReference; fileEncoding = 4; lastKnownFileType = sourcecode.c.c; name = lstrlib.c; path = "../lua-5.1.5/lua/lstrlib.c"; sourceTree = "<group>"; };
		D03F960E1A330E8F0054CC00 /* liolib.c */ = {isa = PBXFileReference; fileEncoding = 4; lastKnownFileType = sourcecode.c.c; name = liolib.c; path = "../lua-5.1.5/lua/liolib.c"; sourceTree = "<group>"; };
		D03F960F1A330E8F0054CC00 /* llex.c */ = {isa = PBXFileReference; fileEncoding = 4; lastKnownFileType = sourcecode.c.c; name = llex.c; path = "../lua-5.1.5/lua/llex.c"; sourceTree = "<group>"; };
		D03F96101A330E8F0054CC00 /* loadlib.c */ = {isa = PBXFileReference; fileEncoding = 4; lastKnownFileType = sourcecode.c.c; name = loadlib.c; path = "../lua-5.1.5/lua/loadlib.c"; sourceTree = "<group>"; };
		D03F96111A330E8F0054CC00 /* ldblib.c */ = {isa = PBXFileReference; fileEncoding = 4; lastKnownFileType = sourcecode.c.c; name = ldblib.c; path = "../lua-5.1.5/lua/ldblib.c"; sourceTree = "<group>"; };
		D03F96121A330E8F0054CC00 /* lobject.h */ = {isa = PBXFileReference; fileEncoding = 4; lastKnownFileType = sourcecode.c.h; name = lobject.h; path = "../lua-5.1.5/lua/lobject.h"; sourceTree = "<group>"; };
		D03F96131A330E8F0054CC00 /* lapi.c */ = {isa = PBXFileReference; fileEncoding = 4; lastKnownFileType = sourcecode.c.c; name = lapi.c; path = "../lua-5.1.5/lua/lapi.c"; sourceTree = "<group>"; };
		D03F96141A330E8F0054CC00 /* ldebug.c */ = {isa = PBXFileReference; fileEncoding = 4; lastKnownFileType = sourcecode.c.c; name = ldebug.c; path = "../lua-5.1.5/lua/ldebug.c"; sourceTree = "<group>"; };
		D03F96151A330E8F0054CC00 /* lundump.c */ = {isa = PBXFileReference; fileEncoding = 4; lastKnownFileType = sourcecode.c.c; name = lundump.c; path = "../lua-5.1.5/lua/lundump.c"; sourceTree = "<group>"; };
		D03F96161A330E8F0054CC00 /* ltablib.c */ = {isa = PBXFileReference; fileEncoding = 4; lastKnownFileType = sourcecode.c.c; name = ltablib.c; path = "../lua-5.1.5/lua/ltablib.c"; sourceTree = "<group>"; };
		D03F96171A330E8F0054CC00 /* lbaselib.c */ = {isa = PBXFileReference; fileEncoding = 4; lastKnownFileType = sourcecode.c.c; name = lbaselib.c; path = "../lua-5.1.5/lua/lbaselib.c"; sourceTree = "<group>"; };
		D03F96181A330E8F0054CC00 /* luaconf.h */ = {isa = PBXFileReference; fileEncoding = 4; lastKnownFileType = sourcecode.c.h; name = luaconf.h; path = "../lua-5.1.5/lua/luaconf.h"; sourceTree = "<group>"; };
		D03F96191A330E8F0054CC00 /* lauxlib.c */ = {isa = PBXFileReference; fileEncoding = 4; lastKnownFileType = sourcecode.c.c; name = lauxlib.c; path = "../lua-5.1.5/lua/lauxlib.c"; sourceTree = "<group>"; };
		D03F961A1A330E8F0054CC00 /* loslib.c */ = {isa = PBXFileReference; fileEncoding = 4; lastKnownFileType = sourcecode.c.c; name = loslib.c; path = "../lua-5.1.5/lua/loslib.c"; sourceTree = "<group>"; };
		D03F961B1A330E8F0054CC00 /* lstate.c */ = {isa = PBXFileReference; fileEncoding = 4; lastKnownFileType = sourcecode.c.c; name = lstate.c; path = "../lua-5.1.5/lua/lstate.c"; sourceTree = "<group>"; };
		D03F961C1A330E8F0054CC00 /* lstate.h */ = {isa = PBXFileReference; fileEncoding = 4; lastKnownFileType = sourcecode.c.h; name = lstate.h; path = "../lua-5.1.5/lua/lstate.h"; sourceTree = "<group>"; };
		D03F961D1A330E8F0054CC00 /* ltable.c */ = {isa = PBXFileReference; fileEncoding = 4; lastKnownFileType = sourcecode.c.c; name = ltable.c; path = "../lua-5.1.5/lua/ltable.c"; sourceTree = "<group>"; };
		D03F961F1A330E8F0054CC00 /* lfunc.c */ = {isa = PBXFileReference; fileEncoding = 4; lastKnownFileType = sourcecode.c.c; name = lfunc.c; path = "../lua-5.1.5/lua/lfunc.c"; sourceTree = "<group>"; };
		D03F96201A330E8F0054CC00 /* lapi.h */ = {isa = PBXFileReference; fileEncoding = 4; lastKnownFileType = sourcecode.c.h; name = lapi.h; path = "../lua-5.1.5/lua/lapi.h"; sourceTree = "<group>"; };
		D03F96211A330E8F0054CC00 /* lauxlib.h */ = {isa = PBXFileReference; fileEncoding = 4; lastKnownFileType = sourcecode.c.h; name = lauxlib.h; path = "../lua-5.1.5/lua/lauxlib.h"; sourceTree = "<group>"; };
		D03F96221A330E8F0054CC00 /* lcode.h */ = {isa = PBXFileReference; fileEncoding = 4; lastKnownFileType = sourcecode.c.h; name = lcode.h; path = "../lua-5.1.5/lua/lcode.h"; sourceTree = "<group>"; };
		D03F96231A330E8F0054CC00 /* ldebug.h */ = {isa = PBXFileReference; fileEncoding = 4; lastKnownFileType = sourcecode.c.h; name = ldebug.h; path = "../lua-5.1.5/lua/ldebug.h"; sourceTree = "<group>"; };
		D03F96241A330E8F0054CC00 /* ldo.h */ = {isa = PBXFileReference; fileEncoding = 4; lastKnownFileType = sourcecode.c.h; name = ldo.h; path = "../lua-5.1.5/lua/ldo.h"; sourceTree = "<group>"; };
		D03F96251A330E8F0054CC00 /* ldump.c */ = {isa = PBXFileReference; fileEncoding = 4; lastKnownFileType = sourcecode.c.c; name = ldump.c; path = "../lua-5.1.5/lua/ldump.c"; sourceTree = "<group>"; };
		D03F96261A330E8F0054CC00 /* lfunc.h */ = {isa = PBXFileReference; fileEncoding = 4; lastKnownFileType = sourcecode.c.h; name = lfunc.h; path = "../lua-5.1.5/lua/lfunc.h"; sourceTree = "<group>"; };
		D03F96271A330E8F0054CC00 /* lgc.h */ = {isa = PBXFileReference; fileEncoding = 4; lastKnownFileType = sourcecode.c.h; name = lgc.h; path = "../lua-5.1.5/lua/lgc.h"; sourceTree = "<group>"; };
		D03F96281A330E8F0054CC00 /* linit.c */ = {isa = PBXFileReference; fileEncoding = 4; lastKnownFileType = sourcecode.c.c; name = linit.c; path = "../lua-5.1.5/lua/linit.c"; sourceTree = "<group>"; };
		D03F96291A330E8F0054CC00 /* llex.h */ = {isa = PBXFileReference; fileEncoding = 4; lastKnownFileType = sourcecode.c.h; name = llex.h; path = "../lua-5.1.5/lua/llex.h"; sourceTree = "<group>"; };
		D03F962A1A330E8F0054CC00 /* llimits.h */ = {isa = PBXFileReference; fileEncoding = 4; lastKnownFileType = sourcecode.c.h; name = llimits.h; path = "../lua-5.1.5/lua/llimits.h"; sourceTree = "<group>"; };
		D03F962B1A330E8F0054CC00 /* lmathlib.c */ = {isa = PBXFileReference; fileEncoding = 4; lastKnownFileType = sourcecode.c.c; name = lmathlib.c; path = "../lua-5.1.5/lua/lmathlib.c"; sourceTree = "<group>"; };
		D03F962C1A330E8F0054CC00 /* lmem.c */ = {isa = PBXFileReference; fileEncoding = 4; lastKnownFileType = sourcecode.c.c; name = lmem.c; path = "../lua-5.1.5/lua/lmem.c"; sourceTree = "<group>"; };
		D03F962D1A330E8F0054CC00 /* lmem.h */ = {isa = PBXFileReference; fileEncoding = 4; lastKnownFileType = sourcecode.c.h; name = lmem.h; path = "../lua-5.1.5/lua/lmem.h"; sourceTree = "<group>"; };
		D03F962E1A330E8F0054CC00 /* lobject.c */ = {isa = PBXFileReference; fileEncoding = 4; lastKnownFileType = sourcecode.c.c; name = lobject.c; path = "../lua-5.1.5/lua/lobject.c"; sourceTree = "<group>"; };
		D03F962F1A330E8F0054CC00 /* lopcodes.c */ = {isa = PBXFileReference; fileEncoding = 4; lastKnownFileType = sourcecode.c.c; name = lopcodes.c; path = "../lua-5.1.5/lua/lopcodes.c"; sourceTree = "<group>"; };
		D03F96301A330E8F0054CC00 /* lopcodes.h */ = {isa = PBXFileReference; fileEncoding = 4; lastKnownFileType = sourcecode.c.h; name = lopcodes.h; path = "../lua-5.1.5/lua/lopcodes.h"; sourceTree = "<group>"; };
		D03F96311A330E8F0054CC00 /* lparser.h */ = {isa = PBXFileReference; fileEncoding = 4; lastKnownFileType = sourcecode.c.h; name = lparser.h; path = "../lua-5.1.5/lua/lparser.h"; sourceTree = "<group>"; };
		D03F96321A330E8F0054CC00 /* lstring.c */ = {isa = PBXFileReference; fileEncoding = 4; lastKnownFileType = sourcecode.c.c; name = lstring.c; path = "../lua-5.1.5/lua/lstring.c"; sourceTree = "<group>"; };
		D03F96331A330E8F0054CC00 /* lstring.h */ = {isa = PBXFileReference; fileEncoding = 4; lastKnownFileType = sourcecode.c.h; name = lstring.h; path = "../lua-5.1.5/lua/lstring.h"; sourceTree = "<group>"; };
		D03F96341A330E8F0054CC00 /* ltable.h */ = {isa = PBXFileReference; fileEncoding = 4; lastKnownFileType = sourcecode.c.h; name = ltable.h; path = "../lua-5.1.5/lua/ltable.h"; sourceTree = "<group>"; };
		D03F96351A330E8F0054CC00 /* ltm.c */ = {isa = PBXFileReference; fileEncoding = 4; lastKnownFileType = sourcecode.c.c; name = ltm.c; path = "../lua-5.1.5/lua/ltm.c"; sourceTree = "<group>"; };
		D03F96361A330E8F0054CC00 /* ltm.h */ = {isa = PBXFileReference; fileEncoding = 4; lastKnownFileType = sourcecode.c.h; name = ltm.h; path = "../lua-5.1.5/lua/ltm.h"; sourceTree = "<group>"; };
		D03F96371A330E8F0054CC00 /* lualib.h */ = {isa = PBXFileReference; fileEncoding = 4; lastKnownFileType = sourcecode.c.h; name = lualib.h; path = "../lua-5.1.5/lua/lualib.h"; sourceTree = "<group>"; };
		D03F96381A330E8F0054CC00 /* lundump.h */ = {isa = PBXFileReference; fileEncoding = 4; lastKnownFileType = sourcecode.c.h; name = lundump.h; path = "../lua-5.1.5/lua/lundump.h"; sourceTree = "<group>"; };
		D03F96391A330E8F0054CC00 /* lvm.h */ = {isa = PBXFileReference; fileEncoding = 4; lastKnownFileType = sourcecode.c.h; name = lvm.h; path = "../lua-5.1.5/lua/lvm.h"; sourceTree = "<group>"; };
		D03F963A1A330E8F0054CC00 /* lzio.c */ = {isa = PBXFileReference; fileEncoding = 4; lastKnownFileType = sourcecode.c.c; name = lzio.c; path = "../lua-5.1.5/lua/lzio.c"; sourceTree = "<group>"; };
		D03F963B1A330E8F0054CC00 /* lzio.h */ = {isa = PBXFileReference; fileEncoding = 4; lastKnownFileType = sourcecode.c.h; name = lzio.h; path = "../lua-5.1.5/lua/lzio.h"; sourceTree = "<group>"; };
		D03F963C1A330E8F0054CC00 /* print.c */ = {isa = PBXFileReference; fileEncoding = 4; lastKnownFileType = sourcecode.c.c; name = print.c; path = "../lua-5.1.5/lua/print.c"; sourceTree = "<group>"; };
		D03F96721A3311BC0054CC00 /* MobileCoreServices.framework */ = {isa = PBXFileReference; lastKnownFileType = wrapper.framework; name = MobileCoreServices.framework; path = System/Library/Frameworks/MobileCoreServices.framework; sourceTree = SDKROOT; };
		D03F96791A3311C90054CC00 /* ImageIO.framework */ = {isa = PBXFileReference; lastKnownFileType = wrapper.framework; name = ImageIO.framework; path = System/Library/Frameworks/ImageIO.framework; sourceTree = SDKROOT; };
		D03F967B1A3311DD0054CC00 /* libc++.dylib */ = {isa = PBXFileReference; lastKnownFileType = "compiled.mach-o.dylib"; name = "libc++.dylib"; path = "usr/lib/libc++.dylib"; sourceTree = SDKROOT; };
		D03F967D1A3311E70054CC00 /* libiconv.dylib */ = {isa = PBXFileReference; lastKnownFileType = "compiled.mach-o.dylib"; name = libiconv.dylib; path = usr/lib/libiconv.dylib; sourceTree = SDKROOT; };
		D03F968C1A3314CF0054CC00 /* info.plist */ = {isa = PBXFileReference; fileEncoding = 4; lastKnownFileType = text.plist.xml; path = info.plist; sourceTree = "<group>"; };
/* End PBXFileReference section */

/* Begin PBXFrameworksBuildPhase section */
		D03F950D1A330C2A0054CC00 /* Frameworks */ = {
			isa = PBXFrameworksBuildPhase;
			buildActionMask = 2147483647;
			files = (
				D03F967F1A3311FA0054CC00 /* libSDL2_image.a in Frameworks */,
				D03F96801A3311FA0054CC00 /* libSDL2_mixer.a in Frameworks */,
				D03F96811A3311FA0054CC00 /* libSDL2_ttf.a in Frameworks */,
				D03F96821A3311FA0054CC00 /* libSDL2.a in Frameworks */,
				D017090A1A33252B00AC619F /* libz.dylib in Frameworks */,
				D03F967E1A3311E70054CC00 /* libiconv.dylib in Frameworks */,
				D03F967C1A3311DD0054CC00 /* libc++.dylib in Frameworks */,
				D03F967A1A3311C90054CC00 /* ImageIO.framework in Frameworks */,
				D03F96731A3311BC0054CC00 /* MobileCoreServices.framework in Frameworks */,
				D03F951E1A330C2A0054CC00 /* CoreAudio.framework in Frameworks */,
				D03F951C1A330C2A0054CC00 /* QuartzCore.framework in Frameworks */,
				D03F95181A330C2A0054CC00 /* CoreGraphics.framework in Frameworks */,
				D03F95141A330C2A0054CC00 /* UIKit.framework in Frameworks */,
				D03F95201A330C2A0054CC00 /* AudioToolbox.framework in Frameworks */,
				D03F95161A330C2A0054CC00 /* Foundation.framework in Frameworks */,
				D03F951A1A330C2A0054CC00 /* OpenGLES.framework in Frameworks */,
			);
			runOnlyForDeploymentPostprocessing = 0;
		};
/* End PBXFrameworksBuildPhase section */

/* Begin PBXGroup section */
		77184DBF1AAC50BA00F2B40D /* Instead */ = {
			isa = PBXGroup;
			children = (
				D03F95231A330C2A0054CC00 /* sdl-instead */,
				77184EB91AAC546100F2B40D /* stead */,
				77184EBA1AAC546100F2B40D /* themes */,
				77184EB71AAC544000F2B40D /* lang */,
			);
			name = Instead;
			sourceTree = "<group>";
		};
		779038021AACB1EA00F76885 /* dep */ = {
			isa = PBXGroup;
			children = (
				77184DBF1AAC50BA00F2B40D /* Instead */,
				D03F96051A330E7D0054CC00 /* lua */,
				D03F95A41A330DEC0054CC00 /* SDL_ttf.xcodeproj */,
				D03F959E1A330DDB0054CC00 /* SDL_mixer.xcodeproj */,
				D03F95981A330DC60054CC00 /* SDL_image.xcodeproj */,
				D03F95911A330DB20054CC00 /* SDL.xcodeproj */,
			);
			name = dep;
			sourceTree = "<group>";
		};
		D03F95071A330C2A0054CC00 = {
			isa = PBXGroup;
			children = (
				D03F965F1A330F2D0054CC00 /* Resources */,
				779038021AACB1EA00F76885 /* dep */,
				776BB7C01AA372A9009889BF /* README.md */,
				D03F95121A330C2A0054CC00 /* Frameworks */,
				D03F95111A330C2A0054CC00 /* Products */,
			);
			sourceTree = "<group>";
		};
		D03F95111A330C2A0054CC00 /* Products */ = {
			isa = PBXGroup;
			children = (
				D03F95101A330C2A0054CC00 /* INSTEAD.app */,
			);
			name = Products;
			sourceTree = "<group>";
		};
		D03F95121A330C2A0054CC00 /* Frameworks */ = {
			isa = PBXGroup;
			children = (
				D01709091A33252B00AC619F /* libz.dylib */,
				D03F967D1A3311E70054CC00 /* libiconv.dylib */,
				D03F967B1A3311DD0054CC00 /* libc++.dylib */,
				D03F96791A3311C90054CC00 /* ImageIO.framework */,
				D03F96721A3311BC0054CC00 /* MobileCoreServices.framework */,
				D03F95131A330C2A0054CC00 /* UIKit.framework */,
				D03F95151A330C2A0054CC00 /* Foundation.framework */,
				D03F95171A330C2A0054CC00 /* CoreGraphics.framework */,
				D03F95191A330C2A0054CC00 /* OpenGLES.framework */,
				D03F951B1A330C2A0054CC00 /* QuartzCore.framework */,
				D03F951D1A330C2A0054CC00 /* CoreAudio.framework */,
				D03F951F1A330C2A0054CC00 /* AudioToolbox.framework */,
			);
			name = Frameworks;
			sourceTree = "<group>";
		};
		D03F95231A330C2A0054CC00 /* sdl-instead */ = {
			isa = PBXGroup;
			children = (
				77184FFE1AAC9F5700F2B40D /* cache.c */,
				77184FFF1AAC9F5700F2B40D /* cache.h */,
				771850061AAC9F9300F2B40D /* config.c */,
				771850071AAC9F9300F2B40D /* config.h */,
				771850081AAC9F9300F2B40D /* externals.h */,
				771850091AAC9F9300F2B40D /* game.c */,
				7718500A1AAC9F9300F2B40D /* game.h */,
				7718500B1AAC9F9300F2B40D /* graphics.c */,
				7718500C1AAC9F9300F2B40D /* graphics.h */,
				7718500D1AAC9F9300F2B40D /* idf.c */,
				7718500E1AAC9F9300F2B40D /* idf.h */,
				771850131AAC9FB200F2B40D /* input.c */,
				771850141AAC9FB200F2B40D /* input.h */,
				771850151AAC9FB200F2B40D /* instead.c */,
				771850161AAC9FB200F2B40D /* instead.h */,
				771850171AAC9FB200F2B40D /* internals.h */,
				771850181AAC9FB200F2B40D /* ioapi.c */,
				771850191AAC9FB200F2B40D /* ioapi.h */,
				779038031AACB25800F76885 /* ios.h */,
				779038041AACB25800F76885 /* ios.m */,
				771850231AACA0B600F2B40D /* lfs.c */,
				771850241AACA0B600F2B40D /* list.c */,
				771850251AACA0B600F2B40D /* list.h */,
				779038061AACB26000F76885 /* main.c */,
				771850271AACA0B600F2B40D /* menu.c */,
				771850281AACA0B600F2B40D /* menu.h */,
				7718502D1AACA0D900F2B40D /* SDL_anigif.c */,
				7718502E1AACA0D900F2B40D /* SDL_anigif.h */,
				7718502F1AACA0D900F2B40D /* SDL_gfxBlitFunc.c */,
				771850301AACA0D900F2B40D /* SDL_gfxBlitFunc.h */,
				771850311AACA0D900F2B40D /* sdl_idf.h */,
				771850341AACA0F000F2B40D /* SDL2_rotozoom.c */,
				771850351AACA0F000F2B40D /* SDL2_rotozoom.h */,
				771850371AACA11A00F2B40D /* sound.c */,
				771850381AACA11A00F2B40D /* sound.h */,
				779038081AACB26800F76885 /* themes.c */,
				7718503A1AACA11A00F2B40D /* themes.h */,
				7718503B1AACA11A00F2B40D /* tinymt32.c */,
				7718503C1AACA11A00F2B40D /* tinymt32.h */,
				7718503D1AACA11A00F2B40D /* unpack.c */,
				7718503E1AACA11A00F2B40D /* unzip.c */,
				7718503F1AACA11A00F2B40D /* util.c */,
				771850401AACA11A00F2B40D /* util.h */,
			);
			name = "sdl-instead";
			path = INSTEAD;
			sourceTree = "<group>";
		};
		D03F95921A330DB20054CC00 /* Products */ = {
			isa = PBXGroup;
			children = (
				D03F95971A330DB20054CC00 /* libSDL2.a */,
			);
			name = Products;
			sourceTree = "<group>";
		};
		D03F95991A330DC60054CC00 /* Products */ = {
			isa = PBXGroup;
			children = (
				D03F959D1A330DC60054CC00 /* libSDL2_image.a */,
			);
			name = Products;
			sourceTree = "<group>";
		};
		D03F959F1A330DDB0054CC00 /* Products */ = {
			isa = PBXGroup;
			children = (
				D03F95A31A330DDB0054CC00 /* libSDL2_mixer.a */,
			);
			name = Products;
			sourceTree = "<group>";
		};
		D03F95A51A330DEC0054CC00 /* Products */ = {
			isa = PBXGroup;
			children = (
				D03F95A91A330DEC0054CC00 /* libSDL2_ttf.a */,
			);
			name = Products;
			sourceTree = "<group>";
		};
		D03F96051A330E7D0054CC00 /* lua */ = {
			isa = PBXGroup;
			children = (
				D03F96131A330E8F0054CC00 /* lapi.c */,
				D03F96201A330E8F0054CC00 /* lapi.h */,
				D03F96191A330E8F0054CC00 /* lauxlib.c */,
				D03F96211A330E8F0054CC00 /* lauxlib.h */,
				D03F96171A330E8F0054CC00 /* lbaselib.c */,
				D03F960C1A330E8F0054CC00 /* lcode.c */,
				D03F96221A330E8F0054CC00 /* lcode.h */,
				D03F96111A330E8F0054CC00 /* ldblib.c */,
				D03F96141A330E8F0054CC00 /* ldebug.c */,
				D03F96231A330E8F0054CC00 /* ldebug.h */,
				D03F96071A330E8F0054CC00 /* ldo.c */,
				D03F96241A330E8F0054CC00 /* ldo.h */,
				D03F96251A330E8F0054CC00 /* ldump.c */,
				D03F961F1A330E8F0054CC00 /* lfunc.c */,
				D03F96261A330E8F0054CC00 /* lfunc.h */,
				D03F960B1A330E8F0054CC00 /* lgc.c */,
				D03F96271A330E8F0054CC00 /* lgc.h */,
				D03F96281A330E8F0054CC00 /* linit.c */,
				D03F960E1A330E8F0054CC00 /* liolib.c */,
				D03F960F1A330E8F0054CC00 /* llex.c */,
				D03F96291A330E8F0054CC00 /* llex.h */,
				D03F962A1A330E8F0054CC00 /* llimits.h */,
				D03F962B1A330E8F0054CC00 /* lmathlib.c */,
				D03F962C1A330E8F0054CC00 /* lmem.c */,
				D03F962D1A330E8F0054CC00 /* lmem.h */,
				D03F96101A330E8F0054CC00 /* loadlib.c */,
				D03F962E1A330E8F0054CC00 /* lobject.c */,
				D03F96121A330E8F0054CC00 /* lobject.h */,
				D03F962F1A330E8F0054CC00 /* lopcodes.c */,
				D03F96301A330E8F0054CC00 /* lopcodes.h */,
				D03F961A1A330E8F0054CC00 /* loslib.c */,
				D03F96091A330E8F0054CC00 /* lparser.c */,
				D03F96311A330E8F0054CC00 /* lparser.h */,
				D03F961B1A330E8F0054CC00 /* lstate.c */,
				D03F961C1A330E8F0054CC00 /* lstate.h */,
				D03F96321A330E8F0054CC00 /* lstring.c */,
				D03F96331A330E8F0054CC00 /* lstring.h */,
				D03F960D1A330E8F0054CC00 /* lstrlib.c */,
				D03F961D1A330E8F0054CC00 /* ltable.c */,
				D03F96341A330E8F0054CC00 /* ltable.h */,
				D03F96161A330E8F0054CC00 /* ltablib.c */,
				D03F96351A330E8F0054CC00 /* ltm.c */,
				D03F96361A330E8F0054CC00 /* ltm.h */,
				D03F96081A330E8F0054CC00 /* lua.h */,
				D03F96181A330E8F0054CC00 /* luaconf.h */,
				D03F96371A330E8F0054CC00 /* lualib.h */,
				D03F96151A330E8F0054CC00 /* lundump.c */,
				D03F96381A330E8F0054CC00 /* lundump.h */,
				D03F960A1A330E8F0054CC00 /* lvm.c */,
				D03F96391A330E8F0054CC00 /* lvm.h */,
				D03F963A1A330E8F0054CC00 /* lzio.c */,
				D03F963B1A330E8F0054CC00 /* lzio.h */,
				D03F963C1A330E8F0054CC00 /* print.c */,
			);
			name = lua;
			sourceTree = "<group>";
		};
		D03F965F1A330F2D0054CC00 /* Resources */ = {
			isa = PBXGroup;
			children = (
				D03F968C1A3314CF0054CC00 /* info.plist */,
				776BB7A91AA3480B009889BF /* Media.xcassets */,
			);
			name = Resources;
			sourceTree = "<group>";
		};
/* End PBXGroup section */

/* Begin PBXNativeTarget section */
		D03F950F1A330C2A0054CC00 /* INSTEAD */ = {
			isa = PBXNativeTarget;
			buildConfigurationList = D03F95291A330C2A0054CC00 /* Build configuration list for PBXNativeTarget "INSTEAD" */;
			buildPhases = (
				D03F950C1A330C2A0054CC00 /* Sources */,
				D03F950D1A330C2A0054CC00 /* Frameworks */,
				D03F950E1A330C2A0054CC00 /* Resources */,
			);
			buildRules = (
			);
			dependencies = (
			);
			name = INSTEAD;
			productName = INSTEAD;
			productReference = D03F95101A330C2A0054CC00 /* INSTEAD.app */;
			productType = "com.apple.product-type.application";
		};
/* End PBXNativeTarget section */

/* Begin PBXProject section */
		D03F95081A330C2A0054CC00 /* Project object */ = {
			isa = PBXProject;
			attributes = {
				LastUpgradeCheck = 0630;
				TargetAttributes = {
					D03F950F1A330C2A0054CC00 = {
						DevelopmentTeam = KRDGN5NQEH;
					};
				};
			};
			buildConfigurationList = D03F950B1A330C2A0054CC00 /* Build configuration list for PBXProject "INSTEAD" */;
			compatibilityVersion = "Xcode 3.2";
			developmentRegion = English;
			hasScannedForEncodings = 0;
			knownRegions = (
				en,
			);
			mainGroup = D03F95071A330C2A0054CC00;
			productRefGroup = D03F95111A330C2A0054CC00 /* Products */;
			projectDirPath = "";
			projectReferences = (
				{
					ProductGroup = D03F95921A330DB20054CC00 /* Products */;
					ProjectRef = D03F95911A330DB20054CC00 /* SDL.xcodeproj */;
				},
				{
					ProductGroup = D03F95991A330DC60054CC00 /* Products */;
					ProjectRef = D03F95981A330DC60054CC00 /* SDL_image.xcodeproj */;
				},
				{
					ProductGroup = D03F959F1A330DDB0054CC00 /* Products */;
					ProjectRef = D03F959E1A330DDB0054CC00 /* SDL_mixer.xcodeproj */;
				},
				{
					ProductGroup = D03F95A51A330DEC0054CC00 /* Products */;
					ProjectRef = D03F95A41A330DEC0054CC00 /* SDL_ttf.xcodeproj */;
				},
			);
			projectRoot = "";
			targets = (
				D03F950F1A330C2A0054CC00 /* INSTEAD */,
			);
		};
/* End PBXProject section */

/* Begin PBXReferenceProxy section */
		D03F95971A330DB20054CC00 /* libSDL2.a */ = {
			isa = PBXReferenceProxy;
			fileType = archive.ar;
			path = libSDL2.a;
			remoteRef = D03F95961A330DB20054CC00 /* PBXContainerItemProxy */;
			sourceTree = BUILT_PRODUCTS_DIR;
		};
		D03F959D1A330DC60054CC00 /* libSDL2_image.a */ = {
			isa = PBXReferenceProxy;
			fileType = archive.ar;
			path = libSDL2_image.a;
			remoteRef = D03F959C1A330DC60054CC00 /* PBXContainerItemProxy */;
			sourceTree = BUILT_PRODUCTS_DIR;
		};
		D03F95A31A330DDB0054CC00 /* libSDL2_mixer.a */ = {
			isa = PBXReferenceProxy;
			fileType = archive.ar;
			path = libSDL2_mixer.a;
			remoteRef = D03F95A21A330DDB0054CC00 /* PBXContainerItemProxy */;
			sourceTree = BUILT_PRODUCTS_DIR;
		};
		D03F95A91A330DEC0054CC00 /* libSDL2_ttf.a */ = {
			isa = PBXReferenceProxy;
			fileType = archive.ar;
			path = libSDL2_ttf.a;
			remoteRef = D03F95A81A330DEC0054CC00 /* PBXContainerItemProxy */;
			sourceTree = BUILT_PRODUCTS_DIR;
		};
/* End PBXReferenceProxy section */

/* Begin PBXResourcesBuildPhase section */
		D03F950E1A330C2A0054CC00 /* Resources */ = {
			isa = PBXResourcesBuildPhase;
			buildActionMask = 2147483647;
			files = (
				77184EBC1AAC546100F2B40D /* themes in Resources */,
				77184EBB1AAC546100F2B40D /* stead in Resources */,
				77184EB81AAC544000F2B40D /* lang in Resources */,
				776BB7AA1AA3480B009889BF /* Media.xcassets in Resources */,
			);
			runOnlyForDeploymentPostprocessing = 0;
		};
/* End PBXResourcesBuildPhase section */

/* Begin PBXSourcesBuildPhase section */
		D03F950C1A330C2A0054CC00 /* Sources */ = {
			isa = PBXSourcesBuildPhase;
			buildActionMask = 2147483647;
			files = (
				D03F965C1A330E8F0054CC00 /* lzio.c in Sources */,
				771850451AACA11A00F2B40D /* unzip.c in Sources */,
				D03F96421A330E8F0054CC00 /* lgc.c in Sources */,
				D03F96431A330E8F0054CC00 /* lcode.c in Sources */,
				D03F96511A330E8F0054CC00 /* ltable.c in Sources */,
				771850291AACA0B600F2B40D /* lfs.c in Sources */,
				D03F965A1A330E8F0054CC00 /* lstring.c in Sources */,
				D03F96491A330E8F0054CC00 /* lapi.c in Sources */,
				D03F96581A330E8F0054CC00 /* lobject.c in Sources */,
				D03F964F1A330E8F0054CC00 /* loslib.c in Sources */,
				D03F96441A330E8F0054CC00 /* lstrlib.c in Sources */,
				7718501A1AAC9FB200F2B40D /* input.c in Sources */,
				771850111AAC9F9300F2B40D /* graphics.c in Sources */,
				771850361AACA0F000F2B40D /* SDL2_rotozoom.c in Sources */,
				771850121AAC9F9300F2B40D /* idf.c in Sources */,
				D03F96461A330E8F0054CC00 /* llex.c in Sources */,
				D03F96471A330E8F0054CC00 /* loadlib.c in Sources */,
				D03F96481A330E8F0054CC00 /* ldblib.c in Sources */,
				D03F964E1A330E8F0054CC00 /* lauxlib.c in Sources */,
				D03F965D1A330E8F0054CC00 /* print.c in Sources */,
				771850441AACA11A00F2B40D /* unpack.c in Sources */,
				D03F96501A330E8F0054CC00 /* lstate.c in Sources */,
				779038071AACB26000F76885 /* main.c in Sources */,
				D03F964C1A330E8F0054CC00 /* ltablib.c in Sources */,
				7718502A1AACA0B600F2B40D /* list.c in Sources */,
				771850331AACA0D900F2B40D /* SDL_gfxBlitFunc.c in Sources */,
				D03F964D1A330E8F0054CC00 /* lbaselib.c in Sources */,
				7718501C1AAC9FB200F2B40D /* ioapi.c in Sources */,
				779038051AACB25800F76885 /* ios.m in Sources */,
				779038091AACB26800F76885 /* themes.c in Sources */,
				D03F96541A330E8F0054CC00 /* ldump.c in Sources */,
				D03F96591A330E8F0054CC00 /* lopcodes.c in Sources */,
				D03F965B1A330E8F0054CC00 /* ltm.c in Sources */,
				7718501B1AAC9FB200F2B40D /* instead.c in Sources */,
				D03F96571A330E8F0054CC00 /* lmem.c in Sources */,
				D03F96551A330E8F0054CC00 /* linit.c in Sources */,
				7718502C1AACA0B600F2B40D /* menu.c in Sources */,
				D03F96561A330E8F0054CC00 /* lmathlib.c in Sources */,
				D03F96451A330E8F0054CC00 /* liolib.c in Sources */,
				771850321AACA0D900F2B40D /* SDL_anigif.c in Sources */,
				771850101AAC9F9300F2B40D /* game.c in Sources */,
				771850431AACA11A00F2B40D /* tinymt32.c in Sources */,
				D03F96411A330E8F0054CC00 /* lvm.c in Sources */,
				771850461AACA11A00F2B40D /* util.c in Sources */,
				D03F963F1A330E8F0054CC00 /* ldo.c in Sources */,
				771850001AAC9F5700F2B40D /* cache.c in Sources */,
				D03F964B1A330E8F0054CC00 /* lundump.c in Sources */,
				7718500F1AAC9F9300F2B40D /* config.c in Sources */,
				D03F964A1A330E8F0054CC00 /* ldebug.c in Sources */,
				771850411AACA11A00F2B40D /* sound.c in Sources */,
				D03F96531A330E8F0054CC00 /* lfunc.c in Sources */,
				D03F96401A330E8F0054CC00 /* lparser.c in Sources */,
			);
			runOnlyForDeploymentPostprocessing = 0;
		};
/* End PBXSourcesBuildPhase section */

/* Begin XCBuildConfiguration section */
		D03F95271A330C2A0054CC00 /* Debug */ = {
			isa = XCBuildConfiguration;
			buildSettings = {
				"CODE_SIGN_IDENTITY[sdk=iphoneos*]" = "iPhone Developer";
				GCC_C_LANGUAGE_STANDARD = gnu99;
				GCC_OPTIMIZATION_LEVEL = 0;
				GCC_PREPROCESSOR_DEFINITIONS = DEBUG;
				GCC_SYMBOLS_PRIVATE_EXTERN = NO;
				GCC_WARN_ABOUT_RETURN_TYPE = YES;
				GCC_WARN_UNUSED_VARIABLE = YES;
				IPHONEOS_DEPLOYMENT_TARGET = 7.1;
				ONLY_ACTIVE_ARCH = YES;
				SDKROOT = iphoneos;
			};
			name = Debug;
		};
		D03F95281A330C2A0054CC00 /* Release */ = {
			isa = XCBuildConfiguration;
			buildSettings = {
				"CODE_SIGN_IDENTITY[sdk=iphoneos*]" = "iPhone Developer";
				GCC_C_LANGUAGE_STANDARD = gnu99;
				GCC_WARN_ABOUT_RETURN_TYPE = YES;
				GCC_WARN_UNUSED_VARIABLE = YES;
				IPHONEOS_DEPLOYMENT_TARGET = 7.1;
				OTHER_CFLAGS = "-DNS_BLOCK_ASSERTIONS=1";
				SDKROOT = iphoneos;
			};
			name = Release;
		};
		D03F952A1A330C2A0054CC00 /* Debug */ = {
			isa = XCBuildConfiguration;
			buildSettings = {
				ASSETCATALOG_COMPILER_APPICON_NAME = AppIcon;
				ASSETCATALOG_COMPILER_LAUNCHIMAGE_NAME = LaunchImage;
				CODE_SIGN_IDENTITY = "iPhone Developer";
				"CODE_SIGN_IDENTITY[sdk=iphoneos*]" = "iPhone Developer";
				COPY_PHASE_STRIP = NO;
				GCC_DYNAMIC_NO_PIC = NO;
				GCC_PREPROCESSOR_DEFINITIONS = (
					unix,
					_USE_UNPACK,
					IOS,
					_HAVE_ICONV,
				);
				HEADER_SEARCH_PATHS = (
					"$(inherited)",
					/Applications/Xcode.app/Contents/Developer/Toolchains/XcodeDefault.xctoolchain/usr/include,
					"../SDL-mixer",
					"../SDL-ttf",
					"../SDL-image",
					../SDL/include,
					../lua/lua,
				);
				INFOPLIST_FILE = "$(SRCROOT)/info.plist";
				IPHONEOS_DEPLOYMENT_TARGET = 7.0;
				PRODUCT_NAME = "$(TARGET_NAME)";
				PROVISIONING_PROFILE = "";
				SDKROOT = iphoneos;
				TARGETED_DEVICE_FAMILY = "1,2";
				WRAPPER_EXTENSION = app;
			};
			name = Debug;
		};
		D03F952B1A330C2A0054CC00 /* Release */ = {
			isa = XCBuildConfiguration;
			buildSettings = {
				ASSETCATALOG_COMPILER_APPICON_NAME = AppIcon;
				ASSETCATALOG_COMPILER_LAUNCHIMAGE_NAME = LaunchImage;
				CODE_SIGN_IDENTITY = "iPhone Developer";
				"CODE_SIGN_IDENTITY[sdk=iphoneos*]" = "iPhone Developer";
				COPY_PHASE_STRIP = YES;
				GCC_PREPROCESSOR_DEFINITIONS = (
					unix,
					_USE_UNPACK,
					IOS,
					_HAVE_ICONV,
				);
				HEADER_SEARCH_PATHS = (
					"$(inherited)",
					/Applications/Xcode.app/Contents/Developer/Toolchains/XcodeDefault.xctoolchain/usr/include,
					"../SDL-mixer",
					"../SDL-ttf",
					"../SDL-image",
					../SDL/include,
					../lua/lua,
				);
				INFOPLIST_FILE = "$(SRCROOT)/info.plist";
				IPHONEOS_DEPLOYMENT_TARGET = 7.0;
				PRODUCT_NAME = "$(TARGET_NAME)";
				PROVISIONING_PROFILE = "";
				SDKROOT = iphoneos;
				TARGETED_DEVICE_FAMILY = "1,2";
				VALIDATE_PRODUCT = YES;
				WRAPPER_EXTENSION = app;
			};
			name = Release;
		};
/* End XCBuildConfiguration section */

/* Begin XCConfigurationList section */
		D03F950B1A330C2A0054CC00 /* Build configuration list for PBXProject "INSTEAD" */ = {
			isa = XCConfigurationList;
			buildConfigurations = (
				D03F95271A330C2A0054CC00 /* Debug */,
				D03F95281A330C2A0054CC00 /* Release */,
			);
			defaultConfigurationIsVisible = 0;
			defaultConfigurationName = Release;
		};
		D03F95291A330C2A0054CC00 /* Build configuration list for PBXNativeTarget "INSTEAD" */ = {
			isa = XCConfigurationList;
			buildConfigurations = (
				D03F952A1A330C2A0054CC00 /* Debug */,
				D03F952B1A330C2A0054CC00 /* Release */,
			);
			defaultConfigurationIsVisible = 0;
			defaultConfigurationName = Release;
		};
/* End XCConfigurationList section */
	};
	rootObject = D03F95081A330C2A0054CC00 /* Project object */;
}
